Microsoft Visual Studio Solution File, Format Version 11.00
# Visual Studio 2008

Project("{89B87A6F-CF2F-4D9D-EDE7-E634F4412CA0}") = "LocationGetter", "Assembly-CSharp.csproj", "{84C70603-00D8-CD1D-7153-923731D167F7}"
EndProject
Global
	GlobalSection(SolutionConfigurationPlatforms) = preSolution
		Debug|Any CPU = Debug|Any CPU
		Release|Any CPU = Release|Any CPU
	EndGlobalSection
	GlobalSection(ProjectConfigurationPlatforms) = postSolution
		{84C70603-00D8-CD1D-7153-923731D167F7}.Debug|Any CPU.ActiveCfg = Debug|Any CPU
		{84C70603-00D8-CD1D-7153-923731D167F7}.Debug|Any CPU.Build.0 = Debug|Any CPU
		{84C70603-00D8-CD1D-7153-923731D167F7}.Release|Any CPU.ActiveCfg = Release|Any CPU
		{84C70603-00D8-CD1D-7153-923731D167F7}.Release|Any CPU.Build.0 = Release|Any CPU
	EndGlobalSection
	GlobalSection(SolutionProperties) = preSolution
		HideSolutionNode = FALSE
	EndGlobalSection
	GlobalSection(MonoDevelopProperties) = preSolution
		StartupItem = Assembly-CSharp.csproj
	EndGlobalSection
EndGlobal
